// !$*UTF8*$!
{
	archiveVersion = 1;
	classes = {
	};
	objectVersion = 51;
	objects = {

/* Begin PBXBuildFile section */
		AA0544E4A6262D32BE602B6A /* Pods_VetApp.framework in Frameworks */ = {isa = PBXBuildFile; fileRef = 4D3DCADCDB182D59419B4E18 /* Pods_VetApp.framework */; };
		C093A90923FE291D656B98E7 /* Pods_VetAppTests.framework in Frameworks */ = {isa = PBXBuildFile; fileRef = 1618DF86AAEBAD376661ECDD /* Pods_VetAppTests.framework */; };
		CD5E752E25C5BE1E0009437F /* ChatView.swift in Sources */ = {isa = PBXBuildFile; fileRef = CD5E752D25C5BE1E0009437F /* ChatView.swift */; };
		CD5E753625C5BE2D0009437F /* AcccountView.swift in Sources */ = {isa = PBXBuildFile; fileRef = CD5E753525C5BE2D0009437F /* AcccountView.swift */; };
		CD5E754125C5C3400009437F /* Home.swift in Sources */ = {isa = PBXBuildFile; fileRef = CD5E754025C5C3400009437F /* Home.swift */; };
		CD5E754625C5C75D0009437F /* 082-dog-paw@2x.png in Resources */ = {isa = PBXBuildFile; fileRef = CD5E754525C5C75C0009437F /* 082-dog-paw@2x.png */; };
		CD5E754E25C5CDF70009437F /* frog.png in Resources */ = {isa = PBXBuildFile; fileRef = CD5E754D25C5CDF60009437F /* frog.png */; };
		CD6C320525C4AD0800131761 /* AppDelegate.swift in Sources */ = {isa = PBXBuildFile; fileRef = CD6C320425C4AD0800131761 /* AppDelegate.swift */; };
		CD6C320725C4AD0800131761 /* SceneDelegate.swift in Sources */ = {isa = PBXBuildFile; fileRef = CD6C320625C4AD0800131761 /* SceneDelegate.swift */; };
		CD6C320925C4AD0800131761 /* ContentView.swift in Sources */ = {isa = PBXBuildFile; fileRef = CD6C320825C4AD0800131761 /* ContentView.swift */; };
		CD6C320B25C4AD0B00131761 /* Assets.xcassets in Resources */ = {isa = PBXBuildFile; fileRef = CD6C320A25C4AD0B00131761 /* Assets.xcassets */; };
		CD6C320E25C4AD0B00131761 /* Preview Assets.xcassets in Resources */ = {isa = PBXBuildFile; fileRef = CD6C320D25C4AD0B00131761 /* Preview Assets.xcassets */; };
		CD6C321125C4AD0B00131761 /* LaunchScreen.storyboard in Resources */ = {isa = PBXBuildFile; fileRef = CD6C320F25C4AD0B00131761 /* LaunchScreen.storyboard */; };
		CD6C321C25C4AD0B00131761 /* VetAppTests.swift in Sources */ = {isa = PBXBuildFile; fileRef = CD6C321B25C4AD0B00131761 /* VetAppTests.swift */; };
		CD6C322725C4AD0B00131761 /* VetAppUITests.swift in Sources */ = {isa = PBXBuildFile; fileRef = CD6C322625C4AD0B00131761 /* VetAppUITests.swift */; };
		CD759FBF25C7348400F3BDA0 /* chatRoomView_Model.swift in Sources */ = {isa = PBXBuildFile; fileRef = CD759FBE25C7348400F3BDA0 /* chatRoomView_Model.swift */; };
		CD759FC725C7491F00F3BDA0 /* Join.swift in Sources */ = {isa = PBXBuildFile; fileRef = CD759FC625C7491F00F3BDA0 /* Join.swift */; };
		CDA1B27E25C61F70004777E4 /* FirebaseSession.swift in Sources */ = {isa = PBXBuildFile; fileRef = CDA1B27D25C61F70004777E4 /* FirebaseSession.swift */; };
		CDA1B28425C625A5004777E4 /* LogInView.swift in Sources */ = {isa = PBXBuildFile; fileRef = CDA1B28325C625A5004777E4 /* LogInView.swift */; };
		CDAFF8CB25DED73A00BCA96D /* NewCases.swift in Sources */ = {isa = PBXBuildFile; fileRef = CDAFF8CA25DED73A00BCA96D /* NewCases.swift */; };
		CDBFDECF25C77945003CC1E3 /* MessageViewModel.swift in Sources */ = {isa = PBXBuildFile; fileRef = CDBFDECE25C77945003CC1E3 /* MessageViewModel.swift */; };
		CDBFDED425C77E2B003CC1E3 /* MessagesScreenView.swift in Sources */ = {isa = PBXBuildFile; fileRef = CDBFDED325C77E2B003CC1E3 /* MessagesScreenView.swift */; };
		CDDBE4B725D48A190063217A /* GoogleService-Info.plist in Resources */ = {isa = PBXBuildFile; fileRef = CDDBE4B625D48A190063217A /* GoogleService-Info.plist */; };
		CDE3924025C64CDA00DC9F60 /* FirstScreen.swift in Sources */ = {isa = PBXBuildFile; fileRef = CDE3923F25C64CDA00DC9F60 /* FirstScreen.swift */; };
		EECFD4E0C95B6FB094B9B3F8 /* Pods_VetApp_VetAppUITests.framework in Frameworks */ = {isa = PBXBuildFile; fileRef = 9CD2C923D620590F54CD1F83 /* Pods_VetApp_VetAppUITests.framework */; };
/* End PBXBuildFile section */

/* Begin PBXContainerItemProxy section */
		CD6C321825C4AD0B00131761 /* PBXContainerItemProxy */ = {
			isa = PBXContainerItemProxy;
			containerPortal = CD6C31F925C4AD0800131761 /* Project object */;
			proxyType = 1;
			remoteGlobalIDString = CD6C320025C4AD0800131761;
			remoteInfo = VetApp;
		};
		CD6C322325C4AD0B00131761 /* PBXContainerItemProxy */ = {
			isa = PBXContainerItemProxy;
			containerPortal = CD6C31F925C4AD0800131761 /* Project object */;
			proxyType = 1;
			remoteGlobalIDString = CD6C320025C4AD0800131761;
			remoteInfo = VetApp;
		};
/* End PBXContainerItemProxy section */

/* Begin PBXFileReference section */
		1618DF86AAEBAD376661ECDD /* Pods_VetAppTests.framework */ = {isa = PBXFileReference; explicitFileType = wrapper.framework; includeInIndex = 0; path = Pods_VetAppTests.framework; sourceTree = BUILT_PRODUCTS_DIR; };
		1F57B043DECDD52453253C31 /* Pods-VetAppTests.debug.xcconfig */ = {isa = PBXFileReference; includeInIndex = 1; lastKnownFileType = text.xcconfig; name = "Pods-VetAppTests.debug.xcconfig"; path = "Target Support Files/Pods-VetAppTests/Pods-VetAppTests.debug.xcconfig"; sourceTree = "<group>"; };
		4D3DCADCDB182D59419B4E18 /* Pods_VetApp.framework */ = {isa = PBXFileReference; explicitFileType = wrapper.framework; includeInIndex = 0; path = Pods_VetApp.framework; sourceTree = BUILT_PRODUCTS_DIR; };
		6EA59163DAD299F315379898 /* Pods-VetApp-VetAppUITests.debug.xcconfig */ = {isa = PBXFileReference; includeInIndex = 1; lastKnownFileType = text.xcconfig; name = "Pods-VetApp-VetAppUITests.debug.xcconfig"; path = "Target Support Files/Pods-VetApp-VetAppUITests/Pods-VetApp-VetAppUITests.debug.xcconfig"; sourceTree = "<group>"; };
		784F1607A507D06D3F630830 /* Pods-VetApp.debug.xcconfig */ = {isa = PBXFileReference; includeInIndex = 1; lastKnownFileType = text.xcconfig; name = "Pods-VetApp.debug.xcconfig"; path = "Target Support Files/Pods-VetApp/Pods-VetApp.debug.xcconfig"; sourceTree = "<group>"; };
		9CD2C923D620590F54CD1F83 /* Pods_VetApp_VetAppUITests.framework */ = {isa = PBXFileReference; explicitFileType = wrapper.framework; includeInIndex = 0; path = Pods_VetApp_VetAppUITests.framework; sourceTree = BUILT_PRODUCTS_DIR; };
		A315F4A6DABEE198C354E916 /* Pods-VetApp.release.xcconfig */ = {isa = PBXFileReference; includeInIndex = 1; lastKnownFileType = text.xcconfig; name = "Pods-VetApp.release.xcconfig"; path = "Target Support Files/Pods-VetApp/Pods-VetApp.release.xcconfig"; sourceTree = "<group>"; };
		CD5E752D25C5BE1E0009437F /* ChatView.swift */ = {isa = PBXFileReference; lastKnownFileType = sourcecode.swift; path = ChatView.swift; sourceTree = "<group>"; };
		CD5E753525C5BE2D0009437F /* AcccountView.swift */ = {isa = PBXFileReference; lastKnownFileType = sourcecode.swift; path = AcccountView.swift; sourceTree = "<group>"; };
		CD5E754025C5C3400009437F /* Home.swift */ = {isa = PBXFileReference; lastKnownFileType = sourcecode.swift; path = Home.swift; sourceTree = "<group>"; };
		CD5E754525C5C75C0009437F /* 082-dog-paw@2x.png */ = {isa = PBXFileReference; lastKnownFileType = image.png; name = "082-dog-paw@2x.png"; path = "../../../../Downloads/082-dog-paw@2x.png"; sourceTree = "<group>"; };
		CD5E754D25C5CDF60009437F /* frog.png */ = {isa = PBXFileReference; lastKnownFileType = image.png; name = frog.png; path = ../../../../Downloads/frog.png; sourceTree = "<group>"; };
		CD6C320125C4AD0800131761 /* VetApp.app */ = {isa = PBXFileReference; explicitFileType = wrapper.application; includeInIndex = 0; path = VetApp.app; sourceTree = BUILT_PRODUCTS_DIR; };
		CD6C320425C4AD0800131761 /* AppDelegate.swift */ = {isa = PBXFileReference; lastKnownFileType = sourcecode.swift; path = AppDelegate.swift; sourceTree = "<group>"; };
		CD6C320625C4AD0800131761 /* SceneDelegate.swift */ = {isa = PBXFileReference; lastKnownFileType = sourcecode.swift; path = SceneDelegate.swift; sourceTree = "<group>"; };
		CD6C320825C4AD0800131761 /* ContentView.swift */ = {isa = PBXFileReference; lastKnownFileType = sourcecode.swift; path = ContentView.swift; sourceTree = "<group>"; };
		CD6C320A25C4AD0B00131761 /* Assets.xcassets */ = {isa = PBXFileReference; lastKnownFileType = folder.assetcatalog; path = Assets.xcassets; sourceTree = "<group>"; };
		CD6C320D25C4AD0B00131761 /* Preview Assets.xcassets */ = {isa = PBXFileReference; lastKnownFileType = folder.assetcatalog; path = "Preview Assets.xcassets"; sourceTree = "<group>"; };
		CD6C321025C4AD0B00131761 /* Base */ = {isa = PBXFileReference; lastKnownFileType = file.storyboard; name = Base; path = Base.lproj/LaunchScreen.storyboard; sourceTree = "<group>"; };
		CD6C321225C4AD0B00131761 /* Info.plist */ = {isa = PBXFileReference; lastKnownFileType = text.plist.xml; path = Info.plist; sourceTree = "<group>"; };
		CD6C321725C4AD0B00131761 /* VetAppTests.xctest */ = {isa = PBXFileReference; explicitFileType = wrapper.cfbundle; includeInIndex = 0; path = VetAppTests.xctest; sourceTree = BUILT_PRODUCTS_DIR; };
		CD6C321B25C4AD0B00131761 /* VetAppTests.swift */ = {isa = PBXFileReference; lastKnownFileType = sourcecode.swift; path = VetAppTests.swift; sourceTree = "<group>"; };
		CD6C321D25C4AD0B00131761 /* Info.plist */ = {isa = PBXFileReference; lastKnownFileType = text.plist.xml; path = Info.plist; sourceTree = "<group>"; };
		CD6C322225C4AD0B00131761 /* VetAppUITests.xctest */ = {isa = PBXFileReference; explicitFileType = wrapper.cfbundle; includeInIndex = 0; path = VetAppUITests.xctest; sourceTree = BUILT_PRODUCTS_DIR; };
		CD6C322625C4AD0B00131761 /* VetAppUITests.swift */ = {isa = PBXFileReference; lastKnownFileType = sourcecode.swift; path = VetAppUITests.swift; sourceTree = "<group>"; };
		CD6C322825C4AD0B00131761 /* Info.plist */ = {isa = PBXFileReference; lastKnownFileType = text.plist.xml; path = Info.plist; sourceTree = "<group>"; };
		CD759FBE25C7348400F3BDA0 /* chatRoomView_Model.swift */ = {isa = PBXFileReference; lastKnownFileType = sourcecode.swift; path = chatRoomView_Model.swift; sourceTree = "<group>"; };
		CD759FC625C7491F00F3BDA0 /* Join.swift */ = {isa = PBXFileReference; lastKnownFileType = sourcecode.swift; path = Join.swift; sourceTree = "<group>"; };
		CDA1B27D25C61F70004777E4 /* FirebaseSession.swift */ = {isa = PBXFileReference; lastKnownFileType = sourcecode.swift; path = FirebaseSession.swift; sourceTree = "<group>"; };
		CDA1B28325C625A5004777E4 /* LogInView.swift */ = {isa = PBXFileReference; lastKnownFileType = sourcecode.swift; path = LogInView.swift; sourceTree = "<group>"; };
		CDAFF8CA25DED73A00BCA96D /* NewCases.swift */ = {isa = PBXFileReference; lastKnownFileType = sourcecode.swift; path = NewCases.swift; sourceTree = "<group>"; };
		CDBFDECE25C77945003CC1E3 /* MessageViewModel.swift */ = {isa = PBXFileReference; lastKnownFileType = sourcecode.swift; path = MessageViewModel.swift; sourceTree = "<group>"; };
		CDBFDED325C77E2B003CC1E3 /* MessagesScreenView.swift */ = {isa = PBXFileReference; lastKnownFileType = sourcecode.swift; path = MessagesScreenView.swift; sourceTree = "<group>"; };
		CDDBE4B625D48A190063217A /* GoogleService-Info.plist */ = {isa = PBXFileReference; fileEncoding = 4; lastKnownFileType = text.plist.xml; name = "GoogleService-Info.plist"; path = "../../Firebase-info-file/GoogleService-Info.plist"; sourceTree = "<group>"; };
		CDE3923F25C64CDA00DC9F60 /* FirstScreen.swift */ = {isa = PBXFileReference; lastKnownFileType = sourcecode.swift; path = FirstScreen.swift; sourceTree = "<group>"; };
		DCAF5CE3DCC5B004029A507B /* Pods-VetAppTests.release.xcconfig */ = {isa = PBXFileReference; includeInIndex = 1; lastKnownFileType = text.xcconfig; name = "Pods-VetAppTests.release.xcconfig"; path = "Target Support Files/Pods-VetAppTests/Pods-VetAppTests.release.xcconfig"; sourceTree = "<group>"; };
		F517456A7A903B1B598FD784 /* Pods-VetApp-VetAppUITests.release.xcconfig */ = {isa = PBXFileReference; includeInIndex = 1; lastKnownFileType = text.xcconfig; name = "Pods-VetApp-VetAppUITests.release.xcconfig"; path = "Target Support Files/Pods-VetApp-VetAppUITests/Pods-VetApp-VetAppUITests.release.xcconfig"; sourceTree = "<group>"; };
/* End PBXFileReference section */

/* Begin PBXFrameworksBuildPhase section */
		CD6C31FE25C4AD0800131761 /* Frameworks */ = {
			isa = PBXFrameworksBuildPhase;
			buildActionMask = 2147483647;
			files = (
				AA0544E4A6262D32BE602B6A /* Pods_VetApp.framework in Frameworks */,
			);
			runOnlyForDeploymentPostprocessing = 0;
		};
		CD6C321425C4AD0B00131761 /* Frameworks */ = {
			isa = PBXFrameworksBuildPhase;
			buildActionMask = 2147483647;
			files = (
				C093A90923FE291D656B98E7 /* Pods_VetAppTests.framework in Frameworks */,
			);
			runOnlyForDeploymentPostprocessing = 0;
		};
		CD6C321F25C4AD0B00131761 /* Frameworks */ = {
			isa = PBXFrameworksBuildPhase;
			buildActionMask = 2147483647;
			files = (
				EECFD4E0C95B6FB094B9B3F8 /* Pods_VetApp_VetAppUITests.framework in Frameworks */,
			);
			runOnlyForDeploymentPostprocessing = 0;
		};
/* End PBXFrameworksBuildPhase section */

/* Begin PBXGroup section */
		9E229A1CCB4ADFA2D792B605 /* Frameworks */ = {
			isa = PBXGroup;
			children = (
				4D3DCADCDB182D59419B4E18 /* Pods_VetApp.framework */,
				9CD2C923D620590F54CD1F83 /* Pods_VetApp_VetAppUITests.framework */,
				1618DF86AAEBAD376661ECDD /* Pods_VetAppTests.framework */,
			);
			name = Frameworks;
			sourceTree = "<group>";
		};
		CD6C31F825C4AD0800131761 = {
			isa = PBXGroup;
			children = (
				CD6C320325C4AD0800131761 /* VetApp */,
				CD6C321A25C4AD0B00131761 /* VetAppTests */,
				CD6C322525C4AD0B00131761 /* VetAppUITests */,
				CD6C320225C4AD0800131761 /* Products */,
				FA34218AB9D56B6ED4037C1A /* Pods */,
				9E229A1CCB4ADFA2D792B605 /* Frameworks */,
			);
			sourceTree = "<group>";
		};
		CD6C320225C4AD0800131761 /* Products */ = {
			isa = PBXGroup;
			children = (
				CD6C320125C4AD0800131761 /* VetApp.app */,
				CD6C321725C4AD0B00131761 /* VetAppTests.xctest */,
				CD6C322225C4AD0B00131761 /* VetAppUITests.xctest */,
			);
			name = Products;
			sourceTree = "<group>";
		};
		CD6C320325C4AD0800131761 /* VetApp */ = {
			isa = PBXGroup;
			children = (
				CDDBE4B625D48A190063217A /* GoogleService-Info.plist */,
				CD759FBD25C7346D00F3BDA0 /* Model */,
				CDA1B28225C6258F004777E4 /* Login */,
				CD6C320425C4AD0800131761 /* AppDelegate.swift */,
				CD6C320625C4AD0800131761 /* SceneDelegate.swift */,
				CD6C320825C4AD0800131761 /* ContentView.swift */,
				CD5E753525C5BE2D0009437F /* AcccountView.swift */,
				CD5E752D25C5BE1E0009437F /* ChatView.swift */,
				CD6C320A25C4AD0B00131761 /* Assets.xcassets */,
				CD5E754D25C5CDF60009437F /* frog.png */,
				CD5E754525C5C75C0009437F /* 082-dog-paw@2x.png */,
				CD6C320F25C4AD0B00131761 /* LaunchScreen.storyboard */,
				CD6C321225C4AD0B00131761 /* Info.plist */,
				CD6C320C25C4AD0B00131761 /* Preview Content */,
				CD5E754025C5C3400009437F /* Home.swift */,
				CDA1B27D25C61F70004777E4 /* FirebaseSession.swift */,
				CD759FC625C7491F00F3BDA0 /* Join.swift */,
				CDBFDED325C77E2B003CC1E3 /* MessagesScreenView.swift */,
				CDAFF8CA25DED73A00BCA96D /* NewCases.swift */,
			);
			path = VetApp;
			sourceTree = "<group>";
		};
		CD6C320C25C4AD0B00131761 /* Preview Content */ = {
			isa = PBXGroup;
			children = (
				CD6C320D25C4AD0B00131761 /* Preview Assets.xcassets */,
			);
			path = "Preview Content";
			sourceTree = "<group>";
		};
		CD6C321A25C4AD0B00131761 /* VetAppTests */ = {
			isa = PBXGroup;
			children = (
				CD6C321B25C4AD0B00131761 /* VetAppTests.swift */,
				CD6C321D25C4AD0B00131761 /* Info.plist */,
			);
			path = VetAppTests;
			sourceTree = "<group>";
		};
		CD6C322525C4AD0B00131761 /* VetAppUITests */ = {
			isa = PBXGroup;
			children = (
				CD6C322625C4AD0B00131761 /* VetAppUITests.swift */,
				CD6C322825C4AD0B00131761 /* Info.plist */,
			);
			path = VetAppUITests;
			sourceTree = "<group>";
		};
		CD759FBD25C7346D00F3BDA0 /* Model */ = {
			isa = PBXGroup;
			children = (
				CD759FBE25C7348400F3BDA0 /* chatRoomView_Model.swift */,
				CDBFDECE25C77945003CC1E3 /* MessageViewModel.swift */,
			);
			path = Model;
			sourceTree = "<group>";
		};
		CDA1B28225C6258F004777E4 /* Login */ = {
			isa = PBXGroup;
			children = (
				CDA1B28325C625A5004777E4 /* LogInView.swift */,
				CDE3923F25C64CDA00DC9F60 /* FirstScreen.swift */,
			);
			path = Login;
			sourceTree = "<group>";
		};
		FA34218AB9D56B6ED4037C1A /* Pods */ = {
			isa = PBXGroup;
			children = (
				784F1607A507D06D3F630830 /* Pods-VetApp.debug.xcconfig */,
				A315F4A6DABEE198C354E916 /* Pods-VetApp.release.xcconfig */,
				6EA59163DAD299F315379898 /* Pods-VetApp-VetAppUITests.debug.xcconfig */,
				F517456A7A903B1B598FD784 /* Pods-VetApp-VetAppUITests.release.xcconfig */,
				1F57B043DECDD52453253C31 /* Pods-VetAppTests.debug.xcconfig */,
				DCAF5CE3DCC5B004029A507B /* Pods-VetAppTests.release.xcconfig */,
			);
			path = Pods;
			sourceTree = "<group>";
		};
/* End PBXGroup section */

/* Begin PBXNativeTarget section */
		CD6C320025C4AD0800131761 /* VetApp */ = {
			isa = PBXNativeTarget;
			buildConfigurationList = CD6C322B25C4AD0B00131761 /* Build configuration list for PBXNativeTarget "VetApp" */;
			buildPhases = (
				328ED73E21850606A845C5B1 /* [CP] Check Pods Manifest.lock */,
				CD6C31FD25C4AD0800131761 /* Sources */,
				CD6C31FE25C4AD0800131761 /* Frameworks */,
				CD6C31FF25C4AD0800131761 /* Resources */,
				D9A8D6D5D8458554B1F2708A /* [CP] Embed Pods Frameworks */,
			);
			buildRules = (
			);
			dependencies = (
			);
			name = VetApp;
			productName = VetApp;
			productReference = CD6C320125C4AD0800131761 /* VetApp.app */;
			productType = "com.apple.product-type.application";
		};
		CD6C321625C4AD0B00131761 /* VetAppTests */ = {
			isa = PBXNativeTarget;
			buildConfigurationList = CD6C322E25C4AD0B00131761 /* Build configuration list for PBXNativeTarget "VetAppTests" */;
			buildPhases = (
				49B3833C4DEC4F5EEDEED6CA /* [CP] Check Pods Manifest.lock */,
				CD6C321325C4AD0B00131761 /* Sources */,
				CD6C321425C4AD0B00131761 /* Frameworks */,
				CD6C321525C4AD0B00131761 /* Resources */,
			);
			buildRules = (
			);
			dependencies = (
				CD6C321925C4AD0B00131761 /* PBXTargetDependency */,
			);
			name = VetAppTests;
			productName = VetAppTests;
			productReference = CD6C321725C4AD0B00131761 /* VetAppTests.xctest */;
			productType = "com.apple.product-type.bundle.unit-test";
		};
		CD6C322125C4AD0B00131761 /* VetAppUITests */ = {
			isa = PBXNativeTarget;
			buildConfigurationList = CD6C323125C4AD0B00131761 /* Build configuration list for PBXNativeTarget "VetAppUITests" */;
			buildPhases = (
				D5B8540AC4AE75DCD9227DFF /* [CP] Check Pods Manifest.lock */,
				CD6C321E25C4AD0B00131761 /* Sources */,
				CD6C321F25C4AD0B00131761 /* Frameworks */,
				CD6C322025C4AD0B00131761 /* Resources */,
				0E232379201C3CA93F58365D /* [CP] Embed Pods Frameworks */,
			);
			buildRules = (
			);
			dependencies = (
				CD6C322425C4AD0B00131761 /* PBXTargetDependency */,
			);
			name = VetAppUITests;
			productName = VetAppUITests;
			productReference = CD6C322225C4AD0B00131761 /* VetAppUITests.xctest */;
			productType = "com.apple.product-type.bundle.ui-testing";
		};
/* End PBXNativeTarget section */

/* Begin PBXProject section */
		CD6C31F925C4AD0800131761 /* Project object */ = {
			isa = PBXProject;
			attributes = {
				LastSwiftUpdateCheck = 1230;
				LastUpgradeCheck = 1230;
				TargetAttributes = {
					CD6C320025C4AD0800131761 = {
						CreatedOnToolsVersion = 12.3;
					};
					CD6C321625C4AD0B00131761 = {
						CreatedOnToolsVersion = 12.3;
						TestTargetID = CD6C320025C4AD0800131761;
					};
					CD6C322125C4AD0B00131761 = {
						CreatedOnToolsVersion = 12.3;
						TestTargetID = CD6C320025C4AD0800131761;
					};
				};
			};
			buildConfigurationList = CD6C31FC25C4AD0800131761 /* Build configuration list for PBXProject "VetApp" */;
			compatibilityVersion = "Xcode 9.3";
			developmentRegion = en;
			hasScannedForEncodings = 0;
			knownRegions = (
				en,
				Base,
			);
			mainGroup = CD6C31F825C4AD0800131761;
			productRefGroup = CD6C320225C4AD0800131761 /* Products */;
			projectDirPath = "";
			projectRoot = "";
			targets = (
				CD6C320025C4AD0800131761 /* VetApp */,
				CD6C321625C4AD0B00131761 /* VetAppTests */,
				CD6C322125C4AD0B00131761 /* VetAppUITests */,
			);
		};
/* End PBXProject section */

/* Begin PBXResourcesBuildPhase section */
		CD6C31FF25C4AD0800131761 /* Resources */ = {
			isa = PBXResourcesBuildPhase;
			buildActionMask = 2147483647;
			files = (
				CD6C321125C4AD0B00131761 /* LaunchScreen.storyboard in Resources */,
				CD5E754E25C5CDF70009437F /* frog.png in Resources */,
				CD5E754625C5C75D0009437F /* 082-dog-paw@2x.png in Resources */,
				CD6C320E25C4AD0B00131761 /* Preview Assets.xcassets in Resources */,
				CD6C320B25C4AD0B00131761 /* Assets.xcassets in Resources */,
				CDDBE4B725D48A190063217A /* GoogleService-Info.plist in Resources */,
			);
			runOnlyForDeploymentPostprocessing = 0;
		};
		CD6C321525C4AD0B00131761 /* Resources */ = {
			isa = PBXResourcesBuildPhase;
			buildActionMask = 2147483647;
			files = (
			);
			runOnlyForDeploymentPostprocessing = 0;
		};
		CD6C322025C4AD0B00131761 /* Resources */ = {
			isa = PBXResourcesBuildPhase;
			buildActionMask = 2147483647;
			files = (
			);
			runOnlyForDeploymentPostprocessing = 0;
		};
/* End PBXResourcesBuildPhase section */

/* Begin PBXShellScriptBuildPhase section */
		0E232379201C3CA93F58365D /* [CP] Embed Pods Frameworks */ = {
			isa = PBXShellScriptBuildPhase;
			buildActionMask = 2147483647;
			files = (
			);
			inputFileListPaths = (
				"${PODS_ROOT}/Target Support Files/Pods-VetApp-VetAppUITests/Pods-VetApp-VetAppUITests-frameworks-${CONFIGURATION}-input-files.xcfilelist",
			);
			name = "[CP] Embed Pods Frameworks";
			outputFileListPaths = (
				"${PODS_ROOT}/Target Support Files/Pods-VetApp-VetAppUITests/Pods-VetApp-VetAppUITests-frameworks-${CONFIGURATION}-output-files.xcfilelist",
			);
			runOnlyForDeploymentPostprocessing = 0;
			shellPath = /bin/sh;
			shellScript = "\"${PODS_ROOT}/Target Support Files/Pods-VetApp-VetAppUITests/Pods-VetApp-VetAppUITests-frameworks.sh\"\n";
			showEnvVarsInLog = 0;
		};
		328ED73E21850606A845C5B1 /* [CP] Check Pods Manifest.lock */ = {
			isa = PBXShellScriptBuildPhase;
			buildActionMask = 2147483647;
			files = (
			);
			inputFileListPaths = (
			);
			inputPaths = (
				"${PODS_PODFILE_DIR_PATH}/Podfile.lock",
				"${PODS_ROOT}/Manifest.lock",
			);
			name = "[CP] Check Pods Manifest.lock";
			outputFileListPaths = (
			);
			outputPaths = (
				"$(DERIVED_FILE_DIR)/Pods-VetApp-checkManifestLockResult.txt",
			);
			runOnlyForDeploymentPostprocessing = 0;
			shellPath = /bin/sh;
			shellScript = "diff \"${PODS_PODFILE_DIR_PATH}/Podfile.lock\" \"${PODS_ROOT}/Manifest.lock\" > /dev/null\nif [ $? != 0 ] ; then\n    # print error to STDERR\n    echo \"error: The sandbox is not in sync with the Podfile.lock. Run 'pod install' or update your CocoaPods installation.\" >&2\n    exit 1\nfi\n# This output is used by Xcode 'outputs' to avoid re-running this script phase.\necho \"SUCCESS\" > \"${SCRIPT_OUTPUT_FILE_0}\"\n";
			showEnvVarsInLog = 0;
		};
		49B3833C4DEC4F5EEDEED6CA /* [CP] Check Pods Manifest.lock */ = {
			isa = PBXShellScriptBuildPhase;
			buildActionMask = 2147483647;
			files = (
			);
			inputFileListPaths = (
			);
			inputPaths = (
				"${PODS_PODFILE_DIR_PATH}/Podfile.lock",
				"${PODS_ROOT}/Manifest.lock",
			);
			name = "[CP] Check Pods Manifest.lock";
			outputFileListPaths = (
			);
			outputPaths = (
				"$(DERIVED_FILE_DIR)/Pods-VetAppTests-checkManifestLockResult.txt",
			);
			runOnlyForDeploymentPostprocessing = 0;
			shellPath = /bin/sh;
			shellScript = "diff \"${PODS_PODFILE_DIR_PATH}/Podfile.lock\" \"${PODS_ROOT}/Manifest.lock\" > /dev/null\nif [ $? != 0 ] ; then\n    # print error to STDERR\n    echo \"error: The sandbox is not in sync with the Podfile.lock. Run 'pod install' or update your CocoaPods installation.\" >&2\n    exit 1\nfi\n# This output is used by Xcode 'outputs' to avoid re-running this script phase.\necho \"SUCCESS\" > \"${SCRIPT_OUTPUT_FILE_0}\"\n";
			showEnvVarsInLog = 0;
		};
		D5B8540AC4AE75DCD9227DFF /* [CP] Check Pods Manifest.lock */ = {
			isa = PBXShellScriptBuildPhase;
			buildActionMask = 2147483647;
			files = (
			);
			inputFileListPaths = (
			);
			inputPaths = (
				"${PODS_PODFILE_DIR_PATH}/Podfile.lock",
				"${PODS_ROOT}/Manifest.lock",
			);
			name = "[CP] Check Pods Manifest.lock";
			outputFileListPaths = (
			);
			outputPaths = (
				"$(DERIVED_FILE_DIR)/Pods-VetApp-VetAppUITests-checkManifestLockResult.txt",
			);
			runOnlyForDeploymentPostprocessing = 0;
			shellPath = /bin/sh;
			shellScript = "diff \"${PODS_PODFILE_DIR_PATH}/Podfile.lock\" \"${PODS_ROOT}/Manifest.lock\" > /dev/null\nif [ $? != 0 ] ; then\n    # print error to STDERR\n    echo \"error: The sandbox is not in sync with the Podfile.lock. Run 'pod install' or update your CocoaPods installation.\" >&2\n    exit 1\nfi\n# This output is used by Xcode 'outputs' to avoid re-running this script phase.\necho \"SUCCESS\" > \"${SCRIPT_OUTPUT_FILE_0}\"\n";
			showEnvVarsInLog = 0;
		};
		D9A8D6D5D8458554B1F2708A /* [CP] Embed Pods Frameworks */ = {
			isa = PBXShellScriptBuildPhase;
			buildActionMask = 2147483647;
			files = (
			);
			inputFileListPaths = (
				"${PODS_ROOT}/Target Support Files/Pods-VetApp/Pods-VetApp-frameworks-${CONFIGURATION}-input-files.xcfilelist",
			);
			name = "[CP] Embed Pods Frameworks";
			outputFileListPaths = (
				"${PODS_ROOT}/Target Support Files/Pods-VetApp/Pods-VetApp-frameworks-${CONFIGURATION}-output-files.xcfilelist",
			);
			runOnlyForDeploymentPostprocessing = 0;
			shellPath = /bin/sh;
			shellScript = "\"${PODS_ROOT}/Target Support Files/Pods-VetApp/Pods-VetApp-frameworks.sh\"\n";
			showEnvVarsInLog = 0;
		};
/* End PBXShellScriptBuildPhase section */

/* Begin PBXSourcesBuildPhase section */
		CD6C31FD25C4AD0800131761 /* Sources */ = {
			isa = PBXSourcesBuildPhase;
			buildActionMask = 2147483647;
			files = (
				CD5E753625C5BE2D0009437F /* AcccountView.swift in Sources */,
				CD759FC725C7491F00F3BDA0 /* Join.swift in Sources */,
				CDAFF8CB25DED73A00BCA96D /* NewCases.swift in Sources */,
				CDBFDED425C77E2B003CC1E3 /* MessagesScreenView.swift in Sources */,
				CD5E752E25C5BE1E0009437F /* ChatView.swift in Sources */,
				CD6C320525C4AD0800131761 /* AppDelegate.swift in Sources */,
				CD6C320725C4AD0800131761 /* SceneDelegate.swift in Sources */,
				CDA1B27E25C61F70004777E4 /* FirebaseSession.swift in Sources */,
				CD759FBF25C7348400F3BDA0 /* chatRoomView_Model.swift in Sources */,
				CD5E754125C5C3400009437F /* Home.swift in Sources */,
				CDA1B28425C625A5004777E4 /* LogInView.swift in Sources */,
				CD6C320925C4AD0800131761 /* ContentView.swift in Sources */,
				CDBFDECF25C77945003CC1E3 /* MessageViewModel.swift in Sources */,
				CDE3924025C64CDA00DC9F60 /* FirstScreen.swift in Sources */,
			);
			runOnlyForDeploymentPostprocessing = 0;
		};
		CD6C321325C4AD0B00131761 /* Sources */ = {
			isa = PBXSourcesBuildPhase;
			buildActionMask = 2147483647;
			files = (
				CD6C321C25C4AD0B00131761 /* VetAppTests.swift in Sources */,
			);
			runOnlyForDeploymentPostprocessing = 0;
		};
		CD6C321E25C4AD0B00131761 /* Sources */ = {
			isa = PBXSourcesBuildPhase;
			buildActionMask = 2147483647;
			files = (
				CD6C322725C4AD0B00131761 /* VetAppUITests.swift in Sources */,
			);
			runOnlyForDeploymentPostprocessing = 0;
		};
/* End PBXSourcesBuildPhase section */

/* Begin PBXTargetDependency section */
		CD6C321925C4AD0B00131761 /* PBXTargetDependency */ = {
			isa = PBXTargetDependency;
			target = CD6C320025C4AD0800131761 /* VetApp */;
			targetProxy = CD6C321825C4AD0B00131761 /* PBXContainerItemProxy */;
		};
		CD6C322425C4AD0B00131761 /* PBXTargetDependency */ = {
			isa = PBXTargetDependency;
			target = CD6C320025C4AD0800131761 /* VetApp */;
			targetProxy = CD6C322325C4AD0B00131761 /* PBXContainerItemProxy */;
		};
/* End PBXTargetDependency section */

/* Begin PBXVariantGroup section */
		CD6C320F25C4AD0B00131761 /* LaunchScreen.storyboard */ = {
			isa = PBXVariantGroup;
			children = (
				CD6C321025C4AD0B00131761 /* Base */,
			);
			name = LaunchScreen.storyboard;
			sourceTree = "<group>";
		};
/* End PBXVariantGroup section */

/* Begin XCBuildConfiguration section */
		CD6C322925C4AD0B00131761 /* Debug */ = {
			isa = XCBuildConfiguration;
			buildSettings = {
				ALWAYS_SEARCH_USER_PATHS = NO;
				CLANG_ANALYZER_NONNULL = YES;
				CLANG_ANALYZER_NUMBER_OBJECT_CONVERSION = YES_AGGRESSIVE;
				CLANG_CXX_LANGUAGE_STANDARD = "gnu++14";
				CLANG_CXX_LIBRARY = "libc++";
				CLANG_ENABLE_MODULES = YES;
				CLANG_ENABLE_OBJC_ARC = YES;
				CLANG_ENABLE_OBJC_WEAK = YES;
				CLANG_WARN_BLOCK_CAPTURE_AUTORELEASING = YES;
				CLANG_WARN_BOOL_CONVERSION = YES;
				CLANG_WARN_COMMA = YES;
				CLANG_WARN_CONSTANT_CONVERSION = YES;
				CLANG_WARN_DEPRECATED_OBJC_IMPLEMENTATIONS = YES;
				CLANG_WARN_DIRECT_OBJC_ISA_USAGE = YES_ERROR;
				CLANG_WARN_DOCUMENTATION_COMMENTS = YES;
				CLANG_WARN_EMPTY_BODY = YES;
				CLANG_WARN_ENUM_CONVERSION = YES;
				CLANG_WARN_INFINITE_RECURSION = YES;
				CLANG_WARN_INT_CONVERSION = YES;
				CLANG_WARN_NON_LITERAL_NULL_CONVERSION = YES;
				CLANG_WARN_OBJC_IMPLICIT_RETAIN_SELF = YES;
				CLANG_WARN_OBJC_LITERAL_CONVERSION = YES;
				CLANG_WARN_OBJC_ROOT_CLASS = YES_ERROR;
				CLANG_WARN_QUOTED_INCLUDE_IN_FRAMEWORK_HEADER = YES;
				CLANG_WARN_RANGE_LOOP_ANALYSIS = YES;
				CLANG_WARN_STRICT_PROTOTYPES = YES;
				CLANG_WARN_SUSPICIOUS_MOVE = YES;
				CLANG_WARN_UNGUARDED_AVAILABILITY = YES_AGGRESSIVE;
				CLANG_WARN_UNREACHABLE_CODE = YES;
				CLANG_WARN__DUPLICATE_METHOD_MATCH = YES;
				COPY_PHASE_STRIP = NO;
				DEBUG_INFORMATION_FORMAT = dwarf;
				ENABLE_STRICT_OBJC_MSGSEND = YES;
				ENABLE_TESTABILITY = YES;
				GCC_C_LANGUAGE_STANDARD = gnu11;
				GCC_DYNAMIC_NO_PIC = NO;
				GCC_NO_COMMON_BLOCKS = YES;
				GCC_OPTIMIZATION_LEVEL = 0;
				GCC_PREPROCESSOR_DEFINITIONS = (
					"DEBUG=1",
					"$(inherited)",
				);
				GCC_WARN_64_TO_32_BIT_CONVERSION = YES;
				GCC_WARN_ABOUT_RETURN_TYPE = YES_ERROR;
				GCC_WARN_UNDECLARED_SELECTOR = YES;
				GCC_WARN_UNINITIALIZED_AUTOS = YES_AGGRESSIVE;
				GCC_WARN_UNUSED_FUNCTION = YES;
				GCC_WARN_UNUSED_VARIABLE = YES;
				IPHONEOS_DEPLOYMENT_TARGET = 14.3;
				MTL_ENABLE_DEBUG_INFO = INCLUDE_SOURCE;
				MTL_FAST_MATH = YES;
				ONLY_ACTIVE_ARCH = YES;
				SDKROOT = iphoneos;
				SWIFT_ACTIVE_COMPILATION_CONDITIONS = DEBUG;
				SWIFT_OPTIMIZATION_LEVEL = "-Onone";
			};
			name = Debug;
		};
		CD6C322A25C4AD0B00131761 /* Release */ = {
			isa = XCBuildConfiguration;
			buildSettings = {
				ALWAYS_SEARCH_USER_PATHS = NO;
				CLANG_ANALYZER_NONNULL = YES;
				CLANG_ANALYZER_NUMBER_OBJECT_CONVERSION = YES_AGGRESSIVE;
				CLANG_CXX_LANGUAGE_STANDARD = "gnu++14";
				CLANG_CXX_LIBRARY = "libc++";
				CLANG_ENABLE_MODULES = YES;
				CLANG_ENABLE_OBJC_ARC = YES;
				CLANG_ENABLE_OBJC_WEAK = YES;
				CLANG_WARN_BLOCK_CAPTURE_AUTORELEASING = YES;
				CLANG_WARN_BOOL_CONVERSION = YES;
				CLANG_WARN_COMMA = YES;
				CLANG_WARN_CONSTANT_CONVERSION = YES;
				CLANG_WARN_DEPRECATED_OBJC_IMPLEMENTATIONS = YES;
				CLANG_WARN_DIRECT_OBJC_ISA_USAGE = YES_ERROR;
				CLANG_WARN_DOCUMENTATION_COMMENTS = YES;
				CLANG_WARN_EMPTY_BODY = YES;
				CLANG_WARN_ENUM_CONVERSION = YES;
				CLANG_WARN_INFINITE_RECURSION = YES;
				CLANG_WARN_INT_CONVERSION = YES;
				CLANG_WARN_NON_LITERAL_NULL_CONVERSION = YES;
				CLANG_WARN_OBJC_IMPLICIT_RETAIN_SELF = YES;
				CLANG_WARN_OBJC_LITERAL_CONVERSION = YES;
				CLANG_WARN_OBJC_ROOT_CLASS = YES_ERROR;
				CLANG_WARN_QUOTED_INCLUDE_IN_FRAMEWORK_HEADER = YES;
				CLANG_WARN_RANGE_LOOP_ANALYSIS = YES;
				CLANG_WARN_STRICT_PROTOTYPES = YES;
				CLANG_WARN_SUSPICIOUS_MOVE = YES;
				CLANG_WARN_UNGUARDED_AVAILABILITY = YES_AGGRESSIVE;
				CLANG_WARN_UNREACHABLE_CODE = YES;
				CLANG_WARN__DUPLICATE_METHOD_MATCH = YES;
				COPY_PHASE_STRIP = NO;
				DEBUG_INFORMATION_FORMAT = "dwarf-with-dsym";
				ENABLE_NS_ASSERTIONS = NO;
				ENABLE_STRICT_OBJC_MSGSEND = YES;
				GCC_C_LANGUAGE_STANDARD = gnu11;
				GCC_NO_COMMON_BLOCKS = YES;
				GCC_WARN_64_TO_32_BIT_CONVERSION = YES;
				GCC_WARN_ABOUT_RETURN_TYPE = YES_ERROR;
				GCC_WARN_UNDECLARED_SELECTOR = YES;
				GCC_WARN_UNINITIALIZED_AUTOS = YES_AGGRESSIVE;
				GCC_WARN_UNUSED_FUNCTION = YES;
				GCC_WARN_UNUSED_VARIABLE = YES;
				IPHONEOS_DEPLOYMENT_TARGET = 14.3;
				MTL_ENABLE_DEBUG_INFO = NO;
				MTL_FAST_MATH = YES;
				SDKROOT = iphoneos;
				SWIFT_COMPILATION_MODE = wholemodule;
				SWIFT_OPTIMIZATION_LEVEL = "-O";
				VALIDATE_PRODUCT = YES;
			};
			name = Release;
		};
		CD6C322C25C4AD0B00131761 /* Debug */ = {
			isa = XCBuildConfiguration;
			baseConfigurationReference = 784F1607A507D06D3F630830 /* Pods-VetApp.debug.xcconfig */;
			buildSettings = {
				ASSETCATALOG_COMPILER_APPICON_NAME = AppIcon;
				ASSETCATALOG_COMPILER_GLOBAL_ACCENT_COLOR_NAME = AccentColor;
				CODE_SIGN_STYLE = Automatic;
				DEVELOPMENT_ASSET_PATHS = "\"VetApp/Preview Content\"";
				DEVELOPMENT_TEAM = P92R3HVC93;
				ENABLE_PREVIEWS = YES;
				INFOPLIST_FILE = VetApp/Info.plist;
				LD_RUNPATH_SEARCH_PATHS = (
					"$(inherited)",
					"@executable_path/Frameworks",
				);
				PRODUCT_BUNDLE_IDENTIFIER = com.Dom.VetApp;
				PRODUCT_NAME = "$(TARGET_NAME)";
				SWIFT_VERSION = 5.0;
				TARGETED_DEVICE_FAMILY = "1,2";
			};
			name = Debug;
		};
		CD6C322D25C4AD0B00131761 /* Release */ = {
			isa = XCBuildConfiguration;
			baseConfigurationReference = A315F4A6DABEE198C354E916 /* Pods-VetApp.release.xcconfig */;
			buildSettings = {
				ASSETCATALOG_COMPILER_APPICON_NAME = AppIcon;
				ASSETCATALOG_COMPILER_GLOBAL_ACCENT_COLOR_NAME = AccentColor;
				CODE_SIGN_STYLE = Automatic;
				DEVELOPMENT_ASSET_PATHS = "\"VetApp/Preview Content\"";
				DEVELOPMENT_TEAM = P92R3HVC93;
				ENABLE_PREVIEWS = YES;
				INFOPLIST_FILE = VetApp/Info.plist;
				LD_RUNPATH_SEARCH_PATHS = (
					"$(inherited)",
					"@executable_path/Frameworks",
				);
				PRODUCT_BUNDLE_IDENTIFIER = com.Dom.VetApp;
				PRODUCT_NAME = "$(TARGET_NAME)";
				SWIFT_VERSION = 5.0;
				TARGETED_DEVICE_FAMILY = "1,2";
			};
			name = Release;
		};
		CD6C322F25C4AD0B00131761 /* Debug */ = {
			isa = XCBuildConfiguration;
			baseConfigurationReference = 1F57B043DECDD52453253C31 /* Pods-VetAppTests.debug.xcconfig */;
			buildSettings = {
				ALWAYS_EMBED_SWIFT_STANDARD_LIBRARIES = YES;
				BUNDLE_LOADER = "$(TEST_HOST)";
				CODE_SIGN_STYLE = Automatic;
				DEVELOPMENT_TEAM = P92R3HVC93;
				INFOPLIST_FILE = VetAppTests/Info.plist;
				IPHONEOS_DEPLOYMENT_TARGET = 14.3;
				LD_RUNPATH_SEARCH_PATHS = (
					"$(inherited)",
					"@executable_path/Frameworks",
					"@loader_path/Frameworks",
				);
				PRODUCT_BUNDLE_IDENTIFIER = com.Dom.VetAppTests;
				PRODUCT_NAME = "$(TARGET_NAME)";
				SWIFT_VERSION = 5.0;
				TARGETED_DEVICE_FAMILY = "1,2";
				TEST_HOST = "$(BUILT_PRODUCTS_DIR)/VetApp.app/VetApp";
			};
			name = Debug;
		};
		CD6C323025C4AD0B00131761 /* Release */ = {
			isa = XCBuildConfiguration;
			baseConfigurationReference = DCAF5CE3DCC5B004029A507B /* Pods-VetAppTests.release.xcconfig */;
			buildSettings = {
				ALWAYS_EMBED_SWIFT_STANDARD_LIBRARIES = YES;
				BUNDLE_LOADER = "$(TEST_HOST)";
				CODE_SIGN_STYLE = Automatic;
				DEVELOPMENT_TEAM = P92R3HVC93;
				INFOPLIST_FILE = VetAppTests/Info.plist;
				IPHONEOS_DEPLOYMENT_TARGET = 14.3;
				LD_RUNPATH_SEARCH_PATHS = (
					"$(inherited)",
					"@executable_path/Frameworks",
					"@loader_path/Frameworks",
				);
				PRODUCT_BUNDLE_IDENTIFIER = com.Dom.VetAppTests;
				PRODUCT_NAME = "$(TARGET_NAME)";
				SWIFT_VERSION = 5.0;
				TARGETED_DEVICE_FAMILY = "1,2";
				TEST_HOST = "$(BUILT_PRODUCTS_DIR)/VetApp.app/VetApp";
			};
			name = Release;
		};
		CD6C323225C4AD0B00131761 /* Debug */ = {
			isa = XCBuildConfiguration;
			baseConfigurationReference = 6EA59163DAD299F315379898 /* Pods-VetApp-VetAppUITests.debug.xcconfig */;
			buildSettings = {
				ALWAYS_EMBED_SWIFT_STANDARD_LIBRARIES = YES;
				CODE_SIGN_STYLE = Automatic;
				DEVELOPMENT_TEAM = P92R3HVC93;
				INFOPLIST_FILE = VetAppUITests/Info.plist;
				LD_RUNPATH_SEARCH_PATHS = (
					"$(inherited)",
					"@executable_path/Frameworks",
					"@loader_path/Frameworks",
				);
				PRODUCT_BUNDLE_IDENTIFIER = com.Dom.VetAppUITests;
				PRODUCT_NAME = "$(TARGET_NAME)";
				SWIFT_VERSION = 5.0;
				TARGETED_DEVICE_FAMILY = "1,2";
				TEST_TARGET_NAME = VetApp;
			};
			name = Debug;
		};
		CD6C323325C4AD0B00131761 /* Release */ = {
			isa = XCBuildConfiguration;
			baseConfigurationReference = F517456A7A903B1B598FD784 /* Pods-VetApp-VetAppUITests.release.xcconfig */;
			buildSettings = {
				ALWAYS_EMBED_SWIFT_STANDARD_LIBRARIES = YES;
				CODE_SIGN_STYLE = Automatic;
				DEVELOPMENT_TEAM = P92R3HVC93;
				INFOPLIST_FILE = VetAppUITests/Info.plist;
				LD_RUNPATH_SEARCH_PATHS = (
					"$(inherited)",
					"@executable_path/Frameworks",
					"@loader_path/Frameworks",
				);
				PRODUCT_BUNDLE_IDENTIFIER = com.Dom.VetAppUITests;
				PRODUCT_NAME = "$(TARGET_NAME)";
				SWIFT_VERSION = 5.0;
				TARGETED_DEVICE_FAMILY = "1,2";
				TEST_TARGET_NAME = VetApp;
			};
			name = Release;
		};
/* End XCBuildConfiguration section */

/* Begin XCConfigurationList section */
		CD6C31FC25C4AD0800131761 /* Build configuration list for PBXProject "VetApp" */ = {
			isa = XCConfigurationList;
			buildConfigurations = (
				CD6C322925C4AD0B00131761 /* Debug */,
				CD6C322A25C4AD0B00131761 /* Release */,
			);
			defaultConfigurationIsVisible = 0;
			defaultConfigurationName = Release;
		};
		CD6C322B25C4AD0B00131761 /* Build configuration list for PBXNativeTarget "VetApp" */ = {
			isa = XCConfigurationList;
			buildConfigurations = (
				CD6C322C25C4AD0B00131761 /* Debug */,
				CD6C322D25C4AD0B00131761 /* Release */,
			);
			defaultConfigurationIsVisible = 0;
			defaultConfigurationName = Release;
		};
		CD6C322E25C4AD0B00131761 /* Build configuration list for PBXNativeTarget "VetAppTests" */ = {
			isa = XCConfigurationList;
			buildConfigurations = (
				CD6C322F25C4AD0B00131761 /* Debug */,
				CD6C323025C4AD0B00131761 /* Release */,
			);
			defaultConfigurationIsVisible = 0;
			defaultConfigurationName = Release;
		};
		CD6C323125C4AD0B00131761 /* Build configuration list for PBXNativeTarget "VetAppUITests" */ = {
			isa = XCConfigurationList;
			buildConfigurations = (
				CD6C323225C4AD0B00131761 /* Debug */,
				CD6C323325C4AD0B00131761 /* Release */,
			);
			defaultConfigurationIsVisible = 0;
			defaultConfigurationName = Release;
		};
/* End XCConfigurationList section */
	};
	rootObject = CD6C31F925C4AD0800131761 /* Project object */;
}
